
Microsoft Visual Studio Solution File, Format Version 12.00
# Visual Studio Version 17
VisualStudioVersion = 17.2.32616.157
MinimumVisualStudioVersion = 10.0.40219.1
Project("{9A19103F-16F7-4668-BE54-9A1E7A4F7556}") = "Microsoft.ReportViewer.Common", "Microsoft.ReportViewer.Common\Microsoft.ReportViewer.Common.csproj", "{B9C13749-BEEC-4139-8195-F13C4DA10A9E}"
EndProject
Project("{9A19103F-16F7-4668-BE54-9A1E7A4F7556}") = "Microsoft.ReportViewer.DataVisualization", "Microsoft.ReportViewer.DataVisualization\Microsoft.ReportViewer.DataVisualization.csproj", "{BDAE3BD1-FCE1-4742-A217-F7BA05799D34}"
EndProject
Project("{9A19103F-16F7-4668-BE54-9A1E7A4F7556}") = "Microsoft.ReportViewer.ProcessingObjectModel", "Microsoft.ReportViewer.ProcessingObjectModel\Microsoft.ReportViewer.ProcessingObjectModel.csproj", "{D364C9F9-660C-4843-AB34-EF395D0B3C69}"
EndProject
Project("{9A19103F-16F7-4668-BE54-9A1E7A4F7556}") = "ReportViewerCore.Rendering.Abstractions", "ReportViewerCore.Rendering.Abstractions\ReportViewerCore.Rendering.Abstractions.csproj", "{69EB6BED-8D24-4119-A838-B0B9F56844DE}"
EndProject
Project("{9A19103F-16F7-4668-BE54-9A1E7A4F7556}") = "ReportViewerCore.Rendering.Skia", "ReportViewerCore.Rendering.Skia\ReportViewerCore.Rendering.Skia.csproj", "{29D98E8B-4A5B-4CE0-B12B-5CFCB1FCAA05}"
EndProject
Project("{9A19103F-16F7-4668-BE54-9A1E7A4F7556}") = "ReportViewerCore.Rendering.Windows", "ReportViewerCore.Rendering.Windows\ReportViewerCore.Rendering.Windows.csproj", "{1D57B7C1-CC8A-4F98-93F5-47B5AA5B7B2E}"
EndProject
Project("{9A19103F-16F7-4668-BE54-9A1E7A4F7556}") = "ReportViewerCore.Rendering.Html", "ReportViewerCore.Rendering.Html\ReportViewerCore.Rendering.Html.csproj", "{D8F4D340-2D20-4BB7-8C2E-BB641F43C8E7}"
EndProject
Project("{9A19103F-16F7-4668-BE54-9A1E7A4F7556}") = "ReportViewerCore.Rendering.OpenXml", "ReportViewerCore.Rendering.OpenXml\ReportViewerCore.Rendering.OpenXml.csproj", "{A4C4CC12-AC64-4AC6-AB1F-2B684799DCD0}"
EndProject
Project("{9A19103F-16F7-4668-BE54-9A1E7A4F7556}") = "ReportViewerCore.Engine", "ReportViewerCore.Engine\ReportViewerCore.Engine.csproj", "{F2EA7E5D-0D04-4C7C-B3AA-DB9F5DFDFA83}"
EndProject
Project("{9A19103F-16F7-4668-BE54-9A1E7A4F7556}") = "ReportViewerCore.Headless", "ReportViewerCore.Headless\ReportViewerCore.Headless.csproj", "{B9E9F04A-3EF7-4BBF-B4E1-5A6CE70D8F32}"
EndProject
Project("{9A19103F-16F7-4668-BE54-9A1E7A4F7556}") = "ReportViewerCore.Sample.CrossPlatform", "ReportViewerCore.Sample.CrossPlatform\ReportViewerCore.Sample.CrossPlatform.csproj", "{750F2C2F-B5E3-40A9-A8FC-010BF0F7EBA7}"
EndProject
Project("{9A19103F-16F7-4668-BE54-9A1E7A4F7556}") = "ReportViewerCore.Sample.FeatureShowcase", "ReportViewerCore.Sample.FeatureShowcase\ReportViewerCore.Sample.FeatureShowcase.csproj", "{A2D7F8C1-5E64-4C9A-8B2D-6F0A1E3C7B55}"
EndProject
Project("{9A19103F-16F7-4668-BE54-9A1E7A4F7556}") = "ReportViewerCore.Sample.WinForms.V2", "ReportViewerCore.Sample.WinForms.V2\ReportViewerCore.Sample.WinForms.V2.csproj", "{7F114B42-7308-4B59-9F90-0E6BC5A62B22}"
EndProject
Project("{9A19103F-16F7-4668-BE54-9A1E7A4F7556}") = "ReportViewerCore.Sample.LegacyBridge", "ReportViewerCore.Sample.LegacyBridge\ReportViewerCore.Sample.LegacyBridge.csproj", "{B2B71D16-A42E-4D9E-AC44-65F0C27FDF42}"
EndProject
Project("{9A19103F-16F7-4668-BE54-9A1E7A4F7556}") = "ReportViewerCore.Sample.WinForms.LegacyBridge", "ReportViewerCore.Sample.WinForms.LegacyBridge\ReportViewerCore.Sample.WinForms.LegacyBridge.csproj", "{C4F2F4BB-0D0E-4DE9-9DE0-C0E6C195AC61}"
EndProject
Project("{9A19103F-16F7-4668-BE54-9A1E7A4F7556}") = "Microsoft.ReportViewer.WinForms", "Microsoft.ReportViewer.WinForms\Microsoft.ReportViewer.WinForms.csproj", "{B9938557-FE73-4208-B4D9-29245ACAE6B5}"
EndProject
Project("{9A19103F-16F7-4668-BE54-9A1E7A4F7556}") = "Microsoft.ReportViewer.NETCore", "Microsoft.ReportViewer.NETCore\Microsoft.ReportViewer.NETCore.csproj", "{89AAC4A3-3359-4C08-8417-8BBD2F942305}"
EndProject
Project("{9A19103F-16F7-4668-BE54-9A1E7A4F7556}") = "ReportViewerCore.Sample.Console", "ReportViewerCore.Sample.Console\ReportViewerCore.Sample.Console.csproj", "{12E6A560-8CB6-42EA-8927-31F0746452EE}"
EndProject
Project("{9A19103F-16F7-4668-BE54-9A1E7A4F7556}") = "ReportViewerCore.Sample.WinForms", "ReportViewerCore.Sample.WinForms\ReportViewerCore.Sample.WinForms.csproj", "{81CBA68E-9E0D-4744-A997-0BDB5F3F54E9}"
EndProject
Project("{9A19103F-16F7-4668-BE54-9A1E7A4F7556}") = "ReportViewerCore.Sample.AspNetCore", "ReportViewerCore.Sample.AspNetCore\ReportViewerCore.Sample.AspNetCore.csproj", "{12D633C9-56DA-49F6-9996-1C22BB4EBEE1}"
EndProject
Project("{9A19103F-16F7-4668-BE54-9A1E7A4F7556}") = "ReportViewerCore.Sample.WinFormsServer", "ReportViewerCore.Sample.WinFormsServer\ReportViewerCore.Sample.WinFormsServer.csproj", "{E7BEBAB0-8455-4448-B378-A93381AA3771}"
EndProject
Project("{3AC096D0-A1C2-E12C-1390-A8335801FDAB}") = "ReportViewerCore.Rendering.Tests", "tests\ReportViewerCore.Rendering.Tests\ReportViewerCore.Rendering.Tests.csproj", "{47B7050E-1D9C-4B1D-895A-0374E536BCE5}"
EndProject
Global
	GlobalSection(SolutionConfigurationPlatforms) = preSolution
		Debug|Any CPU = Debug|Any CPU
		Release|Any CPU = Release|Any CPU
	EndGlobalSection
	GlobalSection(ProjectConfigurationPlatforms) = postSolution
		{B9C13749-BEEC-4139-8195-F13C4DA10A9E}.Debug|Any CPU.ActiveCfg = Debug|Any CPU
		{B9C13749-BEEC-4139-8195-F13C4DA10A9E}.Debug|Any CPU.Build.0 = Debug|Any CPU
		{B9C13749-BEEC-4139-8195-F13C4DA10A9E}.Release|Any CPU.ActiveCfg = Release|Any CPU
		{B9C13749-BEEC-4139-8195-F13C4DA10A9E}.Release|Any CPU.Build.0 = Release|Any CPU
		{BDAE3BD1-FCE1-4742-A217-F7BA05799D34}.Debug|Any CPU.ActiveCfg = Debug|Any CPU
		{BDAE3BD1-FCE1-4742-A217-F7BA05799D34}.Debug|Any CPU.Build.0 = Debug|Any CPU
		{BDAE3BD1-FCE1-4742-A217-F7BA05799D34}.Release|Any CPU.ActiveCfg = Release|Any CPU
		{BDAE3BD1-FCE1-4742-A217-F7BA05799D34}.Release|Any CPU.Build.0 = Release|Any CPU
		{D364C9F9-660C-4843-AB34-EF395D0B3C69}.Debug|Any CPU.ActiveCfg = Debug|Any CPU
		{D364C9F9-660C-4843-AB34-EF395D0B3C69}.Debug|Any CPU.Build.0 = Debug|Any CPU
		{D364C9F9-660C-4843-AB34-EF395D0B3C69}.Release|Any CPU.ActiveCfg = Release|Any CPU
		{D364C9F9-660C-4843-AB34-EF395D0B3C69}.Release|Any CPU.Build.0 = Release|Any CPU
		{69EB6BED-8D24-4119-A838-B0B9F56844DE}.Debug|Any CPU.ActiveCfg = Debug|Any CPU
		{69EB6BED-8D24-4119-A838-B0B9F56844DE}.Debug|Any CPU.Build.0 = Debug|Any CPU
		{69EB6BED-8D24-4119-A838-B0B9F56844DE}.Release|Any CPU.ActiveCfg = Release|Any CPU
		{69EB6BED-8D24-4119-A838-B0B9F56844DE}.Release|Any CPU.Build.0 = Release|Any CPU
		{29D98E8B-4A5B-4CE0-B12B-5CFCB1FCAA05}.Debug|Any CPU.ActiveCfg = Debug|Any CPU
		{29D98E8B-4A5B-4CE0-B12B-5CFCB1FCAA05}.Debug|Any CPU.Build.0 = Debug|Any CPU
		{29D98E8B-4A5B-4CE0-B12B-5CFCB1FCAA05}.Release|Any CPU.ActiveCfg = Release|Any CPU
		{29D98E8B-4A5B-4CE0-B12B-5CFCB1FCAA05}.Release|Any CPU.Build.0 = Release|Any CPU
		{1D57B7C1-CC8A-4F98-93F5-47B5AA5B7B2E}.Debug|Any CPU.ActiveCfg = Debug|Any CPU
		{1D57B7C1-CC8A-4F98-93F5-47B5AA5B7B2E}.Debug|Any CPU.Build.0 = Debug|Any CPU
		{1D57B7C1-CC8A-4F98-93F5-47B5AA5B7B2E}.Release|Any CPU.ActiveCfg = Release|Any CPU
		{1D57B7C1-CC8A-4F98-93F5-47B5AA5B7B2E}.Release|Any CPU.Build.0 = Release|Any CPU
		{D8F4D340-2D20-4BB7-8C2E-BB641F43C8E7}.Debug|Any CPU.ActiveCfg = Debug|Any CPU
		{D8F4D340-2D20-4BB7-8C2E-BB641F43C8E7}.Debug|Any CPU.Build.0 = Debug|Any CPU
		{D8F4D340-2D20-4BB7-8C2E-BB641F43C8E7}.Release|Any CPU.ActiveCfg = Release|Any CPU
		{D8F4D340-2D20-4BB7-8C2E-BB641F43C8E7}.Release|Any CPU.Build.0 = Release|Any CPU
		{A4C4CC12-AC64-4AC6-AB1F-2B684799DCD0}.Debug|Any CPU.ActiveCfg = Debug|Any CPU
		{A4C4CC12-AC64-4AC6-AB1F-2B684799DCD0}.Debug|Any CPU.Build.0 = Debug|Any CPU
		{A4C4CC12-AC64-4AC6-AB1F-2B684799DCD0}.Release|Any CPU.ActiveCfg = Release|Any CPU
		{A4C4CC12-AC64-4AC6-AB1F-2B684799DCD0}.Release|Any CPU.Build.0 = Release|Any CPU
		{F2EA7E5D-0D04-4C7C-B3AA-DB9F5DFDFA83}.Debug|Any CPU.ActiveCfg = Debug|Any CPU
		{F2EA7E5D-0D04-4C7C-B3AA-DB9F5DFDFA83}.Debug|Any CPU.Build.0 = Debug|Any CPU
		{F2EA7E5D-0D04-4C7C-B3AA-DB9F5DFDFA83}.Release|Any CPU.ActiveCfg = Release|Any CPU
		{F2EA7E5D-0D04-4C7C-B3AA-DB9F5DFDFA83}.Release|Any CPU.Build.0 = Release|Any CPU
		{B9E9F04A-3EF7-4BBF-B4E1-5A6CE70D8F32}.Debug|Any CPU.ActiveCfg = Debug|Any CPU
		{B9E9F04A-3EF7-4BBF-B4E1-5A6CE70D8F32}.Debug|Any CPU.Build.0 = Debug|Any CPU
		{B9E9F04A-3EF7-4BBF-B4E1-5A6CE70D8F32}.Release|Any CPU.ActiveCfg = Release|Any CPU
		{B9E9F04A-3EF7-4BBF-B4E1-5A6CE70D8F32}.Release|Any CPU.Build.0 = Release|Any CPU
		{750F2C2F-B5E3-40A9-A8FC-010BF0F7EBA7}.Debug|Any CPU.ActiveCfg = Debug|Any CPU
		{750F2C2F-B5E3-40A9-A8FC-010BF0F7EBA7}.Debug|Any CPU.Build.0 = Debug|Any CPU
		{750F2C2F-B5E3-40A9-A8FC-010BF0F7EBA7}.Release|Any CPU.ActiveCfg = Release|Any CPU
		{750F2C2F-B5E3-40A9-A8FC-010BF0F7EBA7}.Release|Any CPU.Build.0 = Release|Any CPU
		{A2D7F8C1-5E64-4C9A-8B2D-6F0A1E3C7B55}.Debug|Any CPU.ActiveCfg = Debug|Any CPU
		{A2D7F8C1-5E64-4C9A-8B2D-6F0A1E3C7B55}.Debug|Any CPU.Build.0 = Debug|Any CPU
		{A2D7F8C1-5E64-4C9A-8B2D-6F0A1E3C7B55}.Release|Any CPU.ActiveCfg = Release|Any CPU
		{A2D7F8C1-5E64-4C9A-8B2D-6F0A1E3C7B55}.Release|Any CPU.Build.0 = Release|Any CPU
		{7F114B42-7308-4B59-9F90-0E6BC5A62B22}.Debug|Any CPU.ActiveCfg = Debug|Any CPU
		{7F114B42-7308-4B59-9F90-0E6BC5A62B22}.Debug|Any CPU.Build.0 = Debug|Any CPU
		{7F114B42-7308-4B59-9F90-0E6BC5A62B22}.Release|Any CPU.ActiveCfg = Release|Any CPU
		{7F114B42-7308-4B59-9F90-0E6BC5A62B22}.Release|Any CPU.Build.0 = Release|Any CPU
		{B2B71D16-A42E-4D9E-AC44-65F0C27FDF42}.Debug|Any CPU.ActiveCfg = Debug|Any CPU
		{B2B71D16-A42E-4D9E-AC44-65F0C27FDF42}.Debug|Any CPU.Build.0 = Debug|Any CPU
		{B2B71D16-A42E-4D9E-AC44-65F0C27FDF42}.Release|Any CPU.ActiveCfg = Release|Any CPU
		{B2B71D16-A42E-4D9E-AC44-65F0C27FDF42}.Release|Any CPU.Build.0 = Release|Any CPU
		{C4F2F4BB-0D0E-4DE9-9DE0-C0E6C195AC61}.Debug|Any CPU.ActiveCfg = Debug|Any CPU
		{C4F2F4BB-0D0E-4DE9-9DE0-C0E6C195AC61}.Debug|Any CPU.Build.0 = Debug|Any CPU
		{C4F2F4BB-0D0E-4DE9-9DE0-C0E6C195AC61}.Release|Any CPU.ActiveCfg = Release|Any CPU
		{C4F2F4BB-0D0E-4DE9-9DE0-C0E6C195AC61}.Release|Any CPU.Build.0 = Release|Any CPU
		{B9938557-FE73-4208-B4D9-29245ACAE6B5}.Debug|Any CPU.ActiveCfg = Debug|Any CPU
		{B9938557-FE73-4208-B4D9-29245ACAE6B5}.Debug|Any CPU.Build.0 = Debug|Any CPU
		{B9938557-FE73-4208-B4D9-29245ACAE6B5}.Release|Any CPU.ActiveCfg = Release|Any CPU
		{B9938557-FE73-4208-B4D9-29245ACAE6B5}.Release|Any CPU.Build.0 = Release|Any CPU
		{89AAC4A3-3359-4C08-8417-8BBD2F942305}.Debug|Any CPU.ActiveCfg = Debug|Any CPU
		{89AAC4A3-3359-4C08-8417-8BBD2F942305}.Debug|Any CPU.Build.0 = Debug|Any CPU
		{89AAC4A3-3359-4C08-8417-8BBD2F942305}.Release|Any CPU.ActiveCfg = Release|Any CPU
		{89AAC4A3-3359-4C08-8417-8BBD2F942305}.Release|Any CPU.Build.0 = Release|Any CPU
		{12E6A560-8CB6-42EA-8927-31F0746452EE}.Debug|Any CPU.ActiveCfg = Debug|Any CPU
		{12E6A560-8CB6-42EA-8927-31F0746452EE}.Debug|Any CPU.Build.0 = Debug|Any CPU
		{12E6A560-8CB6-42EA-8927-31F0746452EE}.Release|Any CPU.ActiveCfg = Release|Any CPU
		{12E6A560-8CB6-42EA-8927-31F0746452EE}.Release|Any CPU.Build.0 = Release|Any CPU
		{81CBA68E-9E0D-4744-A997-0BDB5F3F54E9}.Debug|Any CPU.ActiveCfg = Debug|Any CPU
		{81CBA68E-9E0D-4744-A997-0BDB5F3F54E9}.Debug|Any CPU.Build.0 = Debug|Any CPU
		{81CBA68E-9E0D-4744-A997-0BDB5F3F54E9}.Release|Any CPU.ActiveCfg = Release|Any CPU
		{81CBA68E-9E0D-4744-A997-0BDB5F3F54E9}.Release|Any CPU.Build.0 = Release|Any CPU
		{12D633C9-56DA-49F6-9996-1C22BB4EBEE1}.Debug|Any CPU.ActiveCfg = Debug|Any CPU
		{12D633C9-56DA-49F6-9996-1C22BB4EBEE1}.Debug|Any CPU.Build.0 = Debug|Any CPU
		{12D633C9-56DA-49F6-9996-1C22BB4EBEE1}.Release|Any CPU.ActiveCfg = Release|Any CPU
		{12D633C9-56DA-49F6-9996-1C22BB4EBEE1}.Release|Any CPU.Build.0 = Release|Any CPU
		{E7BEBAB0-8455-4448-B378-A93381AA3771}.Debug|Any CPU.ActiveCfg = Debug|Any CPU
		{E7BEBAB0-8455-4448-B378-A93381AA3771}.Debug|Any CPU.Build.0 = Debug|Any CPU
		{E7BEBAB0-8455-4448-B378-A93381AA3771}.Release|Any CPU.ActiveCfg = Release|Any CPU
		{E7BEBAB0-8455-4448-B378-A93381AA3771}.Release|Any CPU.Build.0 = Release|Any CPU
		{47B7050E-1D9C-4B1D-895A-0374E536BCE5}.Debug|Any CPU.ActiveCfg = Debug|Any CPU
		{47B7050E-1D9C-4B1D-895A-0374E536BCE5}.Debug|Any CPU.Build.0 = Debug|Any CPU
		{47B7050E-1D9C-4B1D-895A-0374E536BCE5}.Release|Any CPU.ActiveCfg = Release|Any CPU
		{47B7050E-1D9C-4B1D-895A-0374E536BCE5}.Release|Any CPU.Build.0 = Release|Any CPU
	EndGlobalSection
	GlobalSection(SolutionProperties) = preSolution
		HideSolutionNode = FALSE
	EndGlobalSection
	GlobalSection(ExtensibilityGlobals) = postSolution
		SolutionGuid = {D1BF1BAC-F639-48A2-9CDD-D49DCC442DC9}
	EndGlobalSection
EndGlobal
